{
  "name": "patient-data-collection",
  "version": "1.0.0",
  "lockfileVersion": 2,
  "requires": true,
  "packages": {
    "": {
      "name": "patient-data-collection",
      "version": "1.0.0",
      "license": "MIT",
      "dependencies": {
        "eslint": "^8.40.0",
        "jest": "^29.7.1",
        "supertest": "^6.4.6"
      }
    },
    "node_modules/eslint": {
      "version": "8.40.0",
      "resolved": "https://registry.npmjs.org/eslint/-/eslint-8.40.0.tgz",
      "integrity": "<PUT_SHA512_HASH_HERE>",
      "dev": true
    },
    "node_modules/jest": {
      "version": "29.7.1",
      "resolved": "https://registry.npmjs.org/jest/-/jest-29.7.1.tgz",
      "integrity": "<PUT_SHA512_HASH_HERE>",
      "requires": {
        "@jest/core": "^29.7.1",
        "jest-cli": "^29.7.1"
      },
      "dev": true
    },
    "node_modules/supertest": {
      "version": "6.4.6",
      "resolved": "https://registry.npmjs.org/supertest/-/supertest-6.4.6.tgz",
      "integrity": "<PUT_SHA512_HASH_HERE>",
      "dev": true
    }
  },
  "dependencies": {
    "eslint": {
      "version": "8.40.0",
      "dev": true,
      "integrity": "<PUT_SHA512_HASH_HERE>"
    },
    "jest": {
      "version": "29.7.1",
      "dev": true,
      "integrity": "<PUT_SHA512_HASH_HERE>"
    },
    "supertest": {
      "version": "6.4.6",
      "dev": true,
      "integrity": "<PUT_SHA512_HASH_HERE>"
    }
  }
}
